
Microsoft Visual Studio Solution File, Format Version 12.00
# Visual Studio 15
VisualStudioVersion = 15.0.28307.106
MinimumVisualStudioVersion = 10.0.40219.1
Project("{FAE04EC0-301F-11D3-BF4B-00C04F79EFBC}") = "Game1", "Game1\Game1.csproj", "{E1ACCCB7-7861-4586-AA24-81D410AD88EC}"
EndProject
Global
	GlobalSection(SolutionConfigurationPlatforms) = preSolution
		Debug|Any CPU = Debug|Any CPU
		Release|Any CPU = Release|Any CPU
	EndGlobalSection
	GlobalSection(ProjectConfigurationPlatforms) = postSolution
		{E1ACCCB7-7861-4586-AA24-81D410AD88EC}.Debug|Any CPU.ActiveCfg = Debug|Any CPU
		{E1ACCCB7-7861-4586-AA24-81D410AD88EC}.Debug|Any CPU.Build.0 = Debug|Any CPU
		{E1ACCCB7-7861-4586-AA24-81D410AD88EC}.Release|Any CPU.ActiveCfg = Release|Any CPU
		{E1ACCCB7-7861-4586-AA24-81D410AD88EC}.Release|Any CPU.Build.0 = Release|Any CPU
	EndGlobalSection
	GlobalSection(SolutionProperties) = preSolution
		HideSolutionNode = FALSE
	EndGlobalSection
	GlobalSection(ExtensibilityGlobals) = postSolution
		SolutionGuid = {2B79774C-32BB-4A1C-90DE-A99FCE8200B0}
	EndGlobalSection
EndGlobal
